{
  "version": 4,
  "terraform_version": "1.2.6",
  "serial": 639,
  "lineage": "dfd6aadc-3f62-d711-8ec5-cf3e098aa5c8",
  "outputs": {
    "Auth_URL": {
      "value": "https://cms-acme-poc-cb74ebe9426581d7.auth.us-east-1.amazoncognito.com/oauth2/authorize",
      "type": "string"
    },
    "Callback_URL": {
      "value": "https://www.example.com/callback",
      "type": "string"
    },
    "Client_ID_aka_Audience": {
      "value": "1d2tt188b2j75kqag1csgei879",
      "type": "string"
    },
    "Password": {
      "value": "zIww5\u003c*QZo]p2x-L",
      "type": "string",
      "sensitive": true
    },
    "Update-Patient-Status": {
      "value": "https://yllkkbnfoa.execute-api.us-east-1.amazonaws.com/api/patient-status",
      "type": "string"
    },
    "Username": {
      "value": "username",
      "type": "string"
    },
    "local_BucketName": {
      "value": "csvtoddblambdafunctioncb74ebe9426581d7",
      "type": "string"
    }
  },
  "resources": [
    {
      "mode": "data",
      "type": "aws_caller_identity",
      "name": "current",
      "provider": "provider[\"registry.terraform.io/hashicorp/aws\"]",
      "instances": [
        {
          "schema_version": 0,
          "attributes": {
            "account_id": "656862533084",
            "arn": "arn:aws:sts::656862533084:assumed-role/ec2admin/i-08812310ba08befbb",
            "id": "656862533084",
            "user_id": "AROAZR4AO2XOBPPHXASQP:i-08812310ba08befbb"
          },
          "sensitive_attributes": []
        }
      ]
    },
    {
      "mode": "managed",
      "type": "aws_apigatewayv2_api",
      "name": "ApiGatewayV2Api",
      "provider": "provider[\"registry.terraform.io/hashicorp/aws\"]",
      "instances": [
        {
          "schema_version": 0,
          "attributes": {
            "api_endpoint": "https://yllkkbnfoa.execute-api.us-east-1.amazonaws.com",
            "api_key_selection_expression": "$request.header.x-api-key",
            "arn": "arn:aws:apigateway:us-east-1::/apis/yllkkbnfoa",
            "body": null,
            "cors_configuration": [],
            "credentials_arn": null,
            "description": "",
            "disable_execute_api_endpoint": false,
            "execution_arn": "arn:aws:execute-api:us-east-1:656862533084:yllkkbnfoa",
            "fail_on_warnings": null,
            "id": "yllkkbnfoa",
            "name": "cms-acme-api-gateway",
            "protocol_type": "HTTP",
            "route_key": null,
            "route_selection_expression": "$request.method $request.path",
            "tags": {},
            "tags_all": {},
            "target": null,
            "version": ""
          },
          "sensitive_attributes": [],
          "private": "bnVsbA==",
          "create_before_destroy": true
        }
      ]
    },
    {
      "mode": "managed",
      "type": "aws_apigatewayv2_authorizer",
      "name": "ApiGatewayV2Authorizer",
      "provider": "provider[\"registry.terraform.io/hashicorp/aws\"]",
      "instances": [
        {
          "schema_version": 0,
          "attributes": {
            "api_id": "yllkkbnfoa",
            "authorizer_credentials_arn": "",
            "authorizer_payload_format_version": "",
            "authorizer_result_ttl_in_seconds": 0,
            "authorizer_type": "JWT",
            "authorizer_uri": "",
            "enable_simple_responses": false,
            "id": "bh26ml",
            "identity_sources": [
              "$request.header.Authorization"
            ],
            "jwt_configuration": [
              {
                "audience": [
                  "1d2tt188b2j75kqag1csgei879"
                ],
                "issuer": "https://cognito-idp.us-east-1.amazonaws.com/us-east-1_efk6Wdlrt"
              }
            ],
            "name": "jwt-authorizer-cognito-cmsacme"
          },
          "sensitive_attributes": [],
          "private": "bnVsbA==",
          "dependencies": [
            "aws_apigatewayv2_api.ApiGatewayV2Api",
            "aws_cognito_user_pool.CognitoUserPool",
            "aws_cognito_user_pool_client.CognitoUserPoolClient"
          ],
          "create_before_destroy": true
        }
      ]
    },
    {
      "mode": "managed",
      "type": "aws_apigatewayv2_deployment",
      "name": "ApiGatewayV2Deployment",
      "provider": "provider[\"registry.terraform.io/hashicorp/aws\"]",
      "instances": [
        {
          "schema_version": 0,
          "attributes": {
            "api_id": "yllkkbnfoa",
            "auto_deployed": false,
            "description": "Automatic deployment triggered by changes to the Api configuration",
            "id": "9l0qpu",
            "triggers": null
          },
          "sensitive_attributes": [],
          "private": "bnVsbA==",
          "dependencies": [
            "aws_apigatewayv2_api.ApiGatewayV2Api",
            "aws_apigatewayv2_authorizer.ApiGatewayV2Authorizer",
            "aws_apigatewayv2_integration.ApiGatewayV2Integration",
            "aws_apigatewayv2_integration.ApiGatewayV2Integration2",
            "aws_apigatewayv2_route.ApiGatewayV2Route",
            "aws_apigatewayv2_route.ApiGatewayV2Route2",
            "aws_cognito_user_pool.CognitoUserPool",
            "aws_cognito_user_pool_client.CognitoUserPoolClient",
            "aws_internet_gateway.EC2InternetGateway",
            "aws_lb.ElasticLoadBalancingV2LoadBalancer",
            "aws_security_group.temp_sg",
            "aws_subnet.EC2Subnet",
            "aws_subnet.EC2Subnet2",
            "aws_vpc.EC2VPC"
          ],
          "create_before_destroy": true
        }
      ]
    },
    {
      "mode": "managed",
      "type": "aws_apigatewayv2_integration",
      "name": "ApiGatewayV2Integration",
      "provider": "provider[\"registry.terraform.io/hashicorp/aws\"]",
      "instances": [
        {
          "schema_version": 0,
          "attributes": {
            "api_id": "yllkkbnfoa",
            "connection_id": "",
            "connection_type": "INTERNET",
            "content_handling_strategy": "",
            "credentials_arn": "",
            "description": "",
            "id": "187s4xo",
            "integration_method": "PUT",
            "integration_response_selection_expression": "",
            "integration_subtype": "",
            "integration_type": "HTTP_PROXY",
            "integration_uri": "http://alb-cms-service-1153690859.us-east-1.elb.amazonaws.com/api/patient-status",
            "passthrough_behavior": "",
            "payload_format_version": "1.0",
            "request_parameters": {},
            "request_templates": {},
            "response_parameters": [],
            "template_selection_expression": "",
            "timeout_milliseconds": 30000,
            "tls_config": []
          },
          "sensitive_attributes": [],
          "private": "bnVsbA==",
          "dependencies": [
            "aws_apigatewayv2_api.ApiGatewayV2Api",
            "aws_internet_gateway.EC2InternetGateway",
            "aws_lb.ElasticLoadBalancingV2LoadBalancer",
            "aws_security_group.temp_sg",
            "aws_subnet.EC2Subnet",
            "aws_subnet.EC2Subnet2",
            "aws_vpc.EC2VPC"
          ],
          "create_before_destroy": true
        }
      ]
    },
    {
      "mode": "managed",
      "type": "aws_apigatewayv2_integration",
      "name": "ApiGatewayV2Integration2",
      "provider": "provider[\"registry.terraform.io/hashicorp/aws\"]",
      "instances": [
        {
          "schema_version": 0,
          "attributes": {
            "api_id": "yllkkbnfoa",
            "connection_id": "",
            "connection_type": "INTERNET",
            "content_handling_strategy": "",
            "credentials_arn": "",
            "description": "",
            "id": "qb93tu9",
            "integration_method": "GET",
            "integration_response_selection_expression": "",
            "integration_subtype": "",
            "integration_type": "HTTP_PROXY",
            "integration_uri": "http://alb-cms-service-1153690859.us-east-1.elb.amazonaws.com/info/status",
            "passthrough_behavior": "",
            "payload_format_version": "1.0",
            "request_parameters": {},
            "request_templates": {},
            "response_parameters": [],
            "template_selection_expression": "",
            "timeout_milliseconds": 30000,
            "tls_config": []
          },
          "sensitive_attributes": [],
          "private": "bnVsbA==",
          "dependencies": [
            "aws_apigatewayv2_api.ApiGatewayV2Api",
            "aws_internet_gateway.EC2InternetGateway",
            "aws_lb.ElasticLoadBalancingV2LoadBalancer",
            "aws_security_group.temp_sg",
            "aws_subnet.EC2Subnet",
            "aws_subnet.EC2Subnet2",
            "aws_vpc.EC2VPC"
          ],
          "create_before_destroy": true
        }
      ]
    },
    {
      "mode": "managed",
      "type": "aws_apigatewayv2_route",
      "name": "ApiGatewayV2Route",
      "provider": "provider[\"registry.terraform.io/hashicorp/aws\"]",
      "instances": [
        {
          "schema_version": 0,
          "attributes": {
            "api_id": "yllkkbnfoa",
            "api_key_required": false,
            "authorization_scopes": [],
            "authorization_type": "JWT",
            "authorizer_id": "bh26ml",
            "id": "bow1nj6",
            "model_selection_expression": "",
            "operation_name": "",
            "request_models": {},
            "request_parameter": [],
            "route_key": "PUT /api/patient-status",
            "route_response_selection_expression": "",
            "target": "integrations/187s4xo"
          },
          "sensitive_attributes": [],
          "private": "bnVsbA==",
          "dependencies": [
            "aws_apigatewayv2_api.ApiGatewayV2Api",
            "aws_apigatewayv2_authorizer.ApiGatewayV2Authorizer",
            "aws_apigatewayv2_integration.ApiGatewayV2Integration",
            "aws_cognito_user_pool.CognitoUserPool",
            "aws_cognito_user_pool_client.CognitoUserPoolClient",
            "aws_internet_gateway.EC2InternetGateway",
            "aws_lb.ElasticLoadBalancingV2LoadBalancer",
            "aws_security_group.temp_sg",
            "aws_subnet.EC2Subnet",
            "aws_subnet.EC2Subnet2",
            "aws_vpc.EC2VPC"
          ],
          "create_before_destroy": true
        }
      ]
    },
    {
      "mode": "managed",
      "type": "aws_apigatewayv2_route",
      "name": "ApiGatewayV2Route2",
      "provider": "provider[\"registry.terraform.io/hashicorp/aws\"]",
      "instances": [
        {
          "schema_version": 0,
          "attributes": {
            "api_id": "yllkkbnfoa",
            "api_key_required": false,
            "authorization_scopes": [],
            "authorization_type": "JWT",
            "authorizer_id": "bh26ml",
            "id": "10d714n",
            "model_selection_expression": "",
            "operation_name": "",
            "request_models": {},
            "request_parameter": [],
            "route_key": "GET /info/status",
            "route_response_selection_expression": "",
            "target": "integrations/qb93tu9"
          },
          "sensitive_attributes": [],
          "private": "bnVsbA==",
          "dependencies": [
            "aws_apigatewayv2_api.ApiGatewayV2Api",
            "aws_apigatewayv2_authorizer.ApiGatewayV2Authorizer",
            "aws_apigatewayv2_integration.ApiGatewayV2Integration2",
            "aws_cognito_user_pool.CognitoUserPool",
            "aws_cognito_user_pool_client.CognitoUserPoolClient",
            "aws_internet_gateway.EC2InternetGateway",
            "aws_lb.ElasticLoadBalancingV2LoadBalancer",
            "aws_security_group.temp_sg",
            "aws_subnet.EC2Subnet",
            "aws_subnet.EC2Subnet2",
            "aws_vpc.EC2VPC"
          ],
          "create_before_destroy": true
        }
      ]
    },
    {
      "mode": "managed",
      "type": "aws_apigatewayv2_stage",
      "name": "ApiGatewayV2Stage",
      "provider": "provider[\"registry.terraform.io/hashicorp/aws\"]",
      "instances": [
        {
          "schema_version": 0,
          "attributes": {
            "access_log_settings": [],
            "api_id": "yllkkbnfoa",
            "arn": "arn:aws:apigateway:us-east-1::/apis/yllkkbnfoa/stages/$default",
            "auto_deploy": true,
            "client_certificate_id": "",
            "default_route_settings": [
              {
                "data_trace_enabled": false,
                "detailed_metrics_enabled": false,
                "logging_level": "",
                "throttling_burst_limit": 5000,
                "throttling_rate_limit": 10000
              }
            ],
            "deployment_id": "lzk21p",
            "description": "",
            "execution_arn": "arn:aws:execute-api:us-east-1:656862533084:yllkkbnfoa/$default",
            "id": "$default",
            "invoke_url": "https://yllkkbnfoa.execute-api.us-east-1.amazonaws.com/",
            "name": "$default",
            "route_settings": [],
            "stage_variables": {},
            "tags": {},
            "tags_all": {}
          },
          "sensitive_attributes": [],
          "private": "bnVsbA==",
          "dependencies": [
            "aws_apigatewayv2_api.ApiGatewayV2Api"
          ]
        }
      ]
    },
    {
      "mode": "managed",
      "type": "aws_cloudformation_stack",
      "name": "csv_import",
      "provider": "provider[\"registry.terraform.io/hashicorp/aws\"]",
      "instances": [
        {
          "schema_version": 0,
          "attributes": {
            "capabilities": [
              "CAPABILITY_AUTO_EXPAND",
              "CAPABILITY_IAM"
            ],
            "disable_rollback": false,
            "iam_role_arn": "",
            "id": "arn:aws:cloudformation:us-east-1:656862533084:stack/csv-import/328161a0-1988-11ed-8410-12faf0b37a1f",
            "name": "csv-import",
            "notification_arns": null,
            "on_failure": null,
            "outputs": {},
            "parameters": {
              "BucketName": "csvtoddblambdafunctioncb74ebe9426581d7",
              "DynamoDBTableName": "patient_admit_out",
              "FileName": "patient_admit_out.csv"
            },
            "policy_body": null,
            "policy_url": null,
            "tags": {},
            "tags_all": {},
            "template_body": "{\"Parameters\":{\"BucketName\":{\"ConstraintDescription\":\"must be a valid bucket name.\",\"Description\":\"Name of the S3 bucket you will deploy the CSV file to\",\"Type\":\"String\"},\"DynamoDBTableName\":{\"ConstraintDescription\":\"must be a valid dynamoDB name.\",\"Description\":\"Name of the dynamoDB table you will use\",\"Type\":\"String\"},\"FileName\":{\"ConstraintDescription\":\"Valid S3 file name.\",\"Description\":\"Name of the S3 file (including suffix)\",\"Type\":\"String\"}},\"Resources\":{\"BucketPermission\":{\"Properties\":{\"Action\":\"lambda:InvokeFunction\",\"FunctionName\":{\"Ref\":\"CsvToDDBLambdaFunction\"},\"Principal\":\"s3.amazonaws.com\",\"SourceAccount\":{\"Ref\":\"AWS::AccountId\"}},\"Type\":\"AWS::Lambda::Permission\"},\"CsvToDDBLambdaFunction\":{\"Properties\":{\"Code\":{\"ZipFile\":{\"Fn::Join\":[\"\\n\",[\"import json\",\"import boto3\",\"import os\",\"import csv\",\"import codecs\",\"import sys\",\"\",\"s3 = boto3.resource('s3')\",\"dynamodb = boto3.resource('dynamodb')\",\"\",\"bucket = os.environ['bucket']\",\"key = os.environ['key']\",\"tableName = os.environ['table']\",\"\",\"def lambda_handler(event, context):\",\"\",\"\",\"   #get() does not store in memory\",\"   try:\",\"       obj = s3.Object(bucket, key).get()['Body']\",\"   except Exception as error:\",\"       print(error)\",\"       print(\\\"S3 Object could not be opened. Check environment variable. \\\")\",\"   try:\",\"       table = dynamodb.Table(tableName)\",\"   except Exception as error:\",\"       print(error)\",\"       print(\\\"Error loading DynamoDB table. Check if table was created correctly and environment variable.\\\")\",\"\",\"   batch_size = 100\",\"   batch = []\",\"\",\"   #DictReader is a generator; not stored in memory\",\"   for row in csv.DictReader(codecs.getreader('utf-8-sig')(obj)):\",\"      if len(batch) \\u003e= batch_size:\",\"         write_to_dynamo(batch)\",\"         batch.clear()\",\"\",\"      batch.append(row)\",\"\",\"   if batch:\",\"      write_to_dynamo(batch)\",\"\",\"   return {\",\"      'statusCode': 200,\",\"      'body': json.dumps('Uploaded to DynamoDB Table')\",\"   }\",\"\",\"\",\"def write_to_dynamo(rows):\",\"   try:\",\"      table = dynamodb.Table(tableName)\",\"   except Exception as error:\",\"      print(error)\",\"      print(\\\"Error loading DynamoDB table. Check if table was created correctly and environment variable.\\\")\",\"\",\"   try:\",\"      with table.batch_writer() as batch:\",\"         for i in range(len(rows)):\",\"            batch.put_item(\",\"               Item=rows[i]\",\"            )\",\"   except Exception as error:\",\"      print(error)\",\"      print(\\\"Error executing batch_writer\\\")\"]]}},\"Environment\":{\"Variables\":{\"bucket\":{\"Ref\":\"BucketName\"},\"key\":{\"Ref\":\"FileName\"},\"table\":{\"Ref\":\"DynamoDBTableName\"}}},\"Handler\":\"index.lambda_handler\",\"MemorySize\":3008,\"Role\":{\"Fn::GetAtt\":[\"LambdaRole\",\"Arn\"]},\"Runtime\":\"python3.7\",\"Timeout\":900},\"Type\":\"AWS::Lambda::Function\"},\"LambdaRole\":{\"Properties\":{\"AssumeRolePolicyDocument\":{\"Statement\":[{\"Action\":[\"sts:AssumeRole\"],\"Effect\":\"Allow\",\"Principal\":{\"Service\":[\"lambda.amazonaws.com\",\"s3.amazonaws.com\"]}}],\"Version\":\"2012-10-17\"},\"ManagedPolicyArns\":[\"arn:aws:iam::aws:policy/service-role/AWSLambdaBasicExecutionRole\",\"arn:aws:iam::aws:policy/AWSLambdaInvocation-DynamoDB\",\"arn:aws:iam::aws:policy/AmazonS3ReadOnlyAccess\"],\"Path\":\"/\",\"Policies\":[{\"PolicyDocument\":{\"Statement\":[{\"Action\":[\"dynamodb:PutItem\",\"dynamodb:BatchWriteItem\"],\"Effect\":\"Allow\",\"Resource\":\"*\"}],\"Version\":\"2012-10-17\"},\"PolicyName\":\"policyname\"}]},\"Type\":\"AWS::IAM::Role\"},\"S3Bucket\":{\"DependsOn\":[\"CsvToDDBLambdaFunction\",\"BucketPermission\"],\"Properties\":{\"AccessControl\":\"BucketOwnerFullControl\",\"BucketName\":{\"Ref\":\"BucketName\"},\"NotificationConfiguration\":{\"LambdaConfigurations\":[{\"Event\":\"s3:ObjectCreated:*\",\"Function\":{\"Fn::GetAtt\":[\"CsvToDDBLambdaFunction\",\"Arn\"]}}]}},\"Type\":\"AWS::S3::Bucket\"}}}",
            "template_url": null,
            "timeout_in_minutes": 0,
            "timeouts": null
          },
          "sensitive_attributes": [],
          "private": "eyJlMmJmYjczMC1lY2FhLTExZTYtOGY4OC0zNDM2M2JjN2M0YzAiOnsiY3JlYXRlIjoxODAwMDAwMDAwMDAwLCJkZWxldGUiOjE4MDAwMDAwMDAwMDAsInVwZGF0ZSI6MTgwMDAwMDAwMDAwMH19",
          "dependencies": [
            "aws_dynamodb_table.dynamo_db_table",
            "random_id.id"
          ]
        }
      ]
    },
    {
      "mode": "managed",
      "type": "aws_cognito_resource_server",
      "name": "resource",
      "provider": "provider[\"registry.terraform.io/hashicorp/aws\"]",
      "instances": [
        {
          "schema_version": 0,
          "attributes": {
            "id": "us-east-1_efk6Wdlrt|http://cms-acme-api-server-recource",
            "identifier": "http://cms-acme-api-server-recource",
            "name": "cms-acme-api-server-recource",
            "scope": [
              {
                "scope_description": "read patient admit record",
                "scope_name": "patient-impact.read"
              },
              {
                "scope_description": "update patient admin record",
                "scope_name": "patient-imact.update"
              }
            ],
            "scope_identifiers": [
              "http://cms-acme-api-server-recource/patient-impact.read",
              "http://cms-acme-api-server-recource/patient-imact.update"
            ],
            "user_pool_id": "us-east-1_efk6Wdlrt"
          },
          "sensitive_attributes": [],
          "private": "bnVsbA==",
          "dependencies": [
            "aws_cognito_user_pool.CognitoUserPool"
          ]
        }
      ]
    },
    {
      "mode": "managed",
      "type": "aws_cognito_user",
      "name": "username",
      "provider": "provider[\"registry.terraform.io/hashicorp/aws\"]",
      "instances": [
        {
          "schema_version": 0,
          "attributes": {
            "attributes": {
              "email": "email@example.com",
              "email_verified": "true",
              "facility_id": "31619",
              "sub": "fe005f40-366a-4581-baf2-7a2448abaa94"
            },
            "client_metadata": null,
            "creation_date": "2022-08-11T15:13:25Z",
            "desired_delivery_mediums": null,
            "enabled": true,
            "force_alias_creation": null,
            "id": "us-east-1_efk6Wdlrt/username",
            "last_modified_date": "2022-08-11T15:13:25Z",
            "message_action": null,
            "mfa_setting_list": [],
            "password": "zIww5\u003c*QZo]p2x-L",
            "preferred_mfa_setting": "",
            "status": "CONFIRMED",
            "sub": "fe005f40-366a-4581-baf2-7a2448abaa94",
            "temporary_password": null,
            "user_pool_id": "us-east-1_efk6Wdlrt",
            "username": "username",
            "validation_data": null
          },
          "sensitive_attributes": [
            [
              {
                "type": "get_attr",
                "value": "password"
              }
            ]
          ],
          "private": "bnVsbA==",
          "dependencies": [
            "aws_cognito_user_pool.CognitoUserPool",
            "random_password.password"
          ]
        }
      ]
    },
    {
      "mode": "managed",
      "type": "aws_cognito_user_pool",
      "name": "CognitoUserPool",
      "provider": "provider[\"registry.terraform.io/hashicorp/aws\"]",
      "instances": [
        {
          "schema_version": 0,
          "attributes": {
            "account_recovery_setting": [
              {
                "recovery_mechanism": [
                  {
                    "name": "verified_email",
                    "priority": 1
                  },
                  {
                    "name": "verified_phone_number",
                    "priority": 2
                  }
                ]
              }
            ],
            "admin_create_user_config": [
              {
                "allow_admin_create_user_only": false,
                "invite_message_template": []
              }
            ],
            "alias_attributes": null,
            "arn": "arn:aws:cognito-idp:us-east-1:656862533084:userpool/us-east-1_efk6Wdlrt",
            "auto_verified_attributes": [
              "email"
            ],
            "creation_date": "2022-08-11T15:13:24Z",
            "custom_domain": "",
            "device_configuration": [],
            "domain": "cms-acme-poc-cb74ebe9426581d7",
            "email_configuration": [
              {
                "configuration_set": "",
                "email_sending_account": "COGNITO_DEFAULT",
                "from_email_address": "",
                "reply_to_email_address": "",
                "source_arn": ""
              }
            ],
            "email_verification_message": null,
            "email_verification_subject": null,
            "endpoint": "cognito-idp.us-east-1.amazonaws.com/us-east-1_efk6Wdlrt",
            "estimated_number_of_users": 1,
            "id": "us-east-1_efk6Wdlrt",
            "lambda_config": [],
            "last_modified_date": "2022-08-11T15:13:24Z",
            "mfa_configuration": "OFF",
            "name": "cms-acme-user-pool",
            "password_policy": [
              {
                "minimum_length": 8,
                "require_lowercase": true,
                "require_numbers": true,
                "require_symbols": true,
                "require_uppercase": true,
                "temporary_password_validity_days": 7
              }
            ],
            "schema": [
              {
                "attribute_data_type": "String",
                "developer_only_attribute": false,
                "mutable": true,
                "name": "email",
                "number_attribute_constraints": [],
                "required": true,
                "string_attribute_constraints": [
                  {
                    "max_length": "2048",
                    "min_length": "0"
                  }
                ]
              },
              {
                "attribute_data_type": "String",
                "developer_only_attribute": false,
                "mutable": true,
                "name": "facility_id",
                "number_attribute_constraints": [],
                "required": false,
                "string_attribute_constraints": [
                  {
                    "max_length": "256",
                    "min_length": "1"
                  }
                ]
              }
            ],
            "sms_authentication_message": null,
            "sms_configuration": [],
            "sms_verification_message": null,
            "software_token_mfa_configuration": [],
            "tags": {},
            "tags_all": {},
            "user_pool_add_ons": [],
            "username_attributes": null,
            "username_configuration": [
              {
                "case_sensitive": false
              }
            ],
            "verification_message_template": [
              {
                "default_email_option": "CONFIRM_WITH_CODE",
                "email_message": "",
                "email_message_by_link": "",
                "email_subject": "",
                "email_subject_by_link": "",
                "sms_message": ""
              }
            ]
          },
          "sensitive_attributes": [],
          "private": "bnVsbA==",
          "create_before_destroy": true
        }
      ]
    },
    {
      "mode": "managed",
      "type": "aws_cognito_user_pool_client",
      "name": "CognitoUserPoolClient",
      "provider": "provider[\"registry.terraform.io/hashicorp/aws\"]",
      "instances": [
        {
          "schema_version": 0,
          "attributes": {
            "access_token_validity": 60,
            "allowed_oauth_flows": [
              "code",
              "implicit"
            ],
            "allowed_oauth_flows_user_pool_client": true,
            "allowed_oauth_scopes": [
              "aws.cognito.signin.user.admin",
              "email",
              "openid",
              "phone",
              "profile"
            ],
            "analytics_configuration": [],
            "callback_urls": [
              "https://www.example.com/callback"
            ],
            "client_secret": "",
            "default_redirect_uri": "",
            "enable_propagate_additional_user_context_data": false,
            "enable_token_revocation": true,
            "explicit_auth_flows": [
              "ALLOW_ADMIN_USER_PASSWORD_AUTH",
              "ALLOW_REFRESH_TOKEN_AUTH",
              "ALLOW_USER_SRP_AUTH"
            ],
            "generate_secret": null,
            "id": "1d2tt188b2j75kqag1csgei879",
            "id_token_validity": 60,
            "logout_urls": [
              "https://www.example.com/signout"
            ],
            "name": "cms-acme-app",
            "prevent_user_existence_errors": "ENABLED",
            "read_attributes": [
              "address",
              "birthdate",
              "custom:facility_id",
              "email",
              "email_verified",
              "family_name",
              "gender",
              "given_name",
              "locale",
              "middle_name",
              "name",
              "nickname",
              "phone_number",
              "phone_number_verified",
              "picture",
              "preferred_username",
              "profile",
              "updated_at",
              "website",
              "zoneinfo"
            ],
            "refresh_token_validity": 30,
            "supported_identity_providers": [
              "COGNITO"
            ],
            "token_validity_units": [
              {
                "access_token": "minutes",
                "id_token": "minutes",
                "refresh_token": "days"
              }
            ],
            "user_pool_id": "us-east-1_efk6Wdlrt",
            "write_attributes": [
              "address",
              "birthdate",
              "custom:facility_id",
              "email",
              "family_name",
              "gender",
              "given_name",
              "locale",
              "middle_name",
              "name",
              "nickname",
              "phone_number",
              "picture",
              "preferred_username",
              "profile",
              "updated_at",
              "website",
              "zoneinfo"
            ]
          },
          "sensitive_attributes": [],
          "private": "bnVsbA==",
          "dependencies": [
            "aws_cognito_user_pool.CognitoUserPool"
          ],
          "create_before_destroy": true
        }
      ]
    },
    {
      "mode": "managed",
      "type": "aws_cognito_user_pool_domain",
      "name": "cms_acme_poc_v1",
      "provider": "provider[\"registry.terraform.io/hashicorp/aws\"]",
      "instances": [
        {
          "schema_version": 0,
          "attributes": {
            "aws_account_id": "656862533084",
            "certificate_arn": "",
            "cloudfront_distribution_arn": "d3oia8etllorh5.cloudfront.net",
            "domain": "cms-acme-poc-cb74ebe9426581d7",
            "id": "cms-acme-poc-cb74ebe9426581d7",
            "s3_bucket": "aws-cognito-prod-iad-assets",
            "user_pool_id": "us-east-1_efk6Wdlrt",
            "version": "20220811151325"
          },
          "sensitive_attributes": [],
          "private": "bnVsbA==",
          "dependencies": [
            "aws_cognito_user_pool.CognitoUserPool",
            "random_id.id"
          ]
        }
      ]
    },
    {
      "mode": "managed",
      "type": "aws_default_route_table",
      "name": "default_route_table_cms",
      "provider": "provider[\"registry.terraform.io/hashicorp/aws\"]",
      "instances": [
        {
          "schema_version": 0,
          "attributes": {
            "arn": "arn:aws:ec2:us-east-1:656862533084:route-table/rtb-0a779942fa5f3c9c7",
            "default_route_table_id": "rtb-0a779942fa5f3c9c7",
            "id": "rtb-0a779942fa5f3c9c7",
            "owner_id": "656862533084",
            "propagating_vgws": [],
            "route": [
              {
                "cidr_block": "0.0.0.0/0",
                "core_network_arn": "",
                "destination_prefix_list_id": "",
                "egress_only_gateway_id": "",
                "gateway_id": "igw-01cbb63da768ab3a9",
                "instance_id": "",
                "ipv6_cidr_block": "",
                "nat_gateway_id": "",
                "network_interface_id": "",
                "transit_gateway_id": "",
                "vpc_endpoint_id": "",
                "vpc_peering_connection_id": ""
              }
            ],
            "tags": {},
            "tags_all": {},
            "timeouts": null,
            "vpc_id": "vpc-0ea9873c14bcb31c8"
          },
          "sensitive_attributes": [],
          "private": "eyJlMmJmYjczMC1lY2FhLTExZTYtOGY4OC0zNDM2M2JjN2M0YzAiOnsiY3JlYXRlIjoxMjAwMDAwMDAwMDAsInVwZGF0ZSI6MTIwMDAwMDAwMDAwfX0=",
          "dependencies": [
            "aws_internet_gateway.EC2InternetGateway",
            "aws_vpc.EC2VPC"
          ]
        }
      ]
    },
    {
      "mode": "managed",
      "type": "aws_dynamodb_table",
      "name": "DynamoDBTable",
      "provider": "provider[\"registry.terraform.io/hashicorp/aws\"]",
      "instances": [
        {
          "schema_version": 1,
          "attributes": {
            "arn": "arn:aws:dynamodb:us-east-1:656862533084:table/patient_status",
            "attribute": [
              {
                "name": "pat_id",
                "type": "S"
              },
              {
                "name": "prov_nbr",
                "type": "S"
              }
            ],
            "billing_mode": "PROVISIONED",
            "global_secondary_index": [],
            "hash_key": "pat_id",
            "id": "patient_status",
            "local_secondary_index": [],
            "name": "patient_status",
            "point_in_time_recovery": [
              {
                "enabled": false
              }
            ],
            "range_key": "prov_nbr",
            "read_capacity": 1,
            "replica": [],
            "restore_date_time": null,
            "restore_source_name": null,
            "restore_to_latest_time": null,
            "server_side_encryption": [],
            "stream_arn": "",
            "stream_enabled": false,
            "stream_label": "",
            "stream_view_type": "",
            "table_class": "",
            "tags": {},
            "tags_all": {},
            "timeouts": null,
            "ttl": [
              {
                "attribute_name": "",
                "enabled": false
              }
            ],
            "write_capacity": 1
          },
          "sensitive_attributes": [],
          "private": "eyJlMmJmYjczMC1lY2FhLTExZTYtOGY4OC0zNDM2M2JjN2M0YzAiOnsiY3JlYXRlIjoxODAwMDAwMDAwMDAwLCJkZWxldGUiOjYwMDAwMDAwMDAwMCwidXBkYXRlIjozNjAwMDAwMDAwMDAwfSwic2NoZW1hX3ZlcnNpb24iOiIxIn0="
        }
      ]
    },
    {
      "mode": "managed",
      "type": "aws_dynamodb_table",
      "name": "dynamo_db_table",
      "provider": "provider[\"registry.terraform.io/hashicorp/aws\"]",
      "instances": [
        {
          "schema_version": 1,
          "attributes": {
            "arn": "arn:aws:dynamodb:us-east-1:656862533084:table/patient_admit_out",
            "attribute": [
              {
                "name": "pat_id",
                "type": "S"
              },
              {
                "name": "prov_nbr",
                "type": "S"
              },
              {
                "name": "uuid",
                "type": "S"
              }
            ],
            "billing_mode": "PAY_PER_REQUEST",
            "global_secondary_index": [
              {
                "hash_key": "pat_id",
                "name": "pat_id",
                "non_key_attributes": [],
                "projection_type": "ALL",
                "range_key": "prov_nbr",
                "read_capacity": 0,
                "write_capacity": 0
              }
            ],
            "hash_key": "uuid",
            "id": "patient_admit_out",
            "local_secondary_index": [],
            "name": "patient_admit_out",
            "point_in_time_recovery": [
              {
                "enabled": false
              }
            ],
            "range_key": null,
            "read_capacity": 0,
            "replica": [],
            "restore_date_time": null,
            "restore_source_name": null,
            "restore_to_latest_time": null,
            "server_side_encryption": [],
            "stream_arn": "",
            "stream_enabled": false,
            "stream_label": "",
            "stream_view_type": "",
            "table_class": "",
            "tags": {},
            "tags_all": {},
            "timeouts": null,
            "ttl": [
              {
                "attribute_name": "",
                "enabled": false
              }
            ],
            "write_capacity": 0
          },
          "sensitive_attributes": [],
          "private": "eyJlMmJmYjczMC1lY2FhLTExZTYtOGY4OC0zNDM2M2JjN2M0YzAiOnsiY3JlYXRlIjoxODAwMDAwMDAwMDAwLCJkZWxldGUiOjYwMDAwMDAwMDAwMCwidXBkYXRlIjozNjAwMDAwMDAwMDAwfSwic2NoZW1hX3ZlcnNpb24iOiIxIn0="
        }
      ]
    },
    {
      "mode": "managed",
      "type": "aws_ecr_repository",
      "name": "ECRRepository",
      "provider": "provider[\"registry.terraform.io/hashicorp/aws\"]",
      "instances": [
        {
          "schema_version": 0,
          "attributes": {
            "arn": "arn:aws:ecr:us-east-1:656862533084:repository/cms-acme",
            "encryption_configuration": [
              {
                "encryption_type": "AES256",
                "kms_key": ""
              }
            ],
            "force_delete": true,
            "id": "cms-acme",
            "image_scanning_configuration": [
              {
                "scan_on_push": false
              }
            ],
            "image_tag_mutability": "MUTABLE",
            "name": "cms-acme",
            "registry_id": "656862533084",
            "repository_url": "656862533084.dkr.ecr.us-east-1.amazonaws.com/cms-acme",
            "tags": {},
            "tags_all": {},
            "timeouts": null
          },
          "sensitive_attributes": [],
          "private": "eyJlMmJmYjczMC1lY2FhLTExZTYtOGY4OC0zNDM2M2JjN2M0YzAiOnsiZGVsZXRlIjoxMjAwMDAwMDAwMDAwfX0="
        }
      ]
    },
    {
      "mode": "managed",
      "type": "aws_ecs_cluster",
      "name": "ECSCluster",
      "provider": "provider[\"registry.terraform.io/hashicorp/aws\"]",
      "instances": [
        {
          "schema_version": 0,
          "attributes": {
            "arn": "arn:aws:ecs:us-east-1:656862533084:cluster/cms-acme-project",
            "capacity_providers": [],
            "configuration": [],
            "default_capacity_provider_strategy": [],
            "id": "arn:aws:ecs:us-east-1:656862533084:cluster/cms-acme-project",
            "name": "cms-acme-project",
            "setting": [
              {
                "name": "containerInsights",
                "value": "disabled"
              }
            ],
            "tags": {},
            "tags_all": {}
          },
          "sensitive_attributes": [],
          "private": "bnVsbA=="
        }
      ]
    },
    {
      "mode": "managed",
      "type": "aws_ecs_service",
      "name": "ECSService",
      "provider": "provider[\"registry.terraform.io/hashicorp/aws\"]",
      "instances": [
        {
          "schema_version": 0,
          "attributes": {
            "capacity_provider_strategy": [],
            "cluster": "arn:aws:ecs:us-east-1:656862533084:cluster/cms-acme-project",
            "deployment_circuit_breaker": [
              {
                "enable": false,
                "rollback": false
              }
            ],
            "deployment_controller": [
              {
                "type": "ECS"
              }
            ],
            "deployment_maximum_percent": 200,
            "deployment_minimum_healthy_percent": 100,
            "desired_count": 2,
            "enable_ecs_managed_tags": true,
            "enable_execute_command": false,
            "force_new_deployment": null,
            "health_check_grace_period_seconds": 60,
            "iam_role": "aws-service-role",
            "id": "arn:aws:ecs:us-east-1:656862533084:service/cms-acme-project/cms-amce-fargate-service",
            "launch_type": "FARGATE",
            "load_balancer": [
              {
                "container_name": "container-cms-api",
                "container_port": 8081,
                "elb_name": "",
                "target_group_arn": "arn:aws:elasticloadbalancing:us-east-1:656862533084:targetgroup/cms-amce-tg-port/9d94bab8cf62d290"
              }
            ],
            "name": "cms-amce-fargate-service",
            "network_configuration": [
              {
                "assign_public_ip": true,
                "security_groups": [
                  "sg-0a1a19f7426c8d8e3"
                ],
                "subnets": [
                  "subnet-04976fde8efd1cdd4",
                  "subnet-0d8eb5b980cbbf506"
                ]
              }
            ],
            "ordered_placement_strategy": [],
            "placement_constraints": [],
            "platform_version": "LATEST",
            "propagate_tags": "NONE",
            "scheduling_strategy": "REPLICA",
            "service_registries": [],
            "tags": {},
            "tags_all": {},
            "task_definition": "arn:aws:ecs:us-east-1:656862533084:task-definition/task-def-cms-api:22",
            "timeouts": null,
            "wait_for_steady_state": false
          },
          "sensitive_attributes": [],
          "private": "eyJlMmJmYjczMC1lY2FhLTExZTYtOGY4OC0zNDM2M2JjN2M0YzAiOnsiY3JlYXRlIjoxMjAwMDAwMDAwMDAwLCJkZWxldGUiOjEyMDAwMDAwMDAwMDAsInVwZGF0ZSI6MTIwMDAwMDAwMDAwMH19",
          "dependencies": [
            "aws_cognito_user_pool.CognitoUserPool",
            "aws_ecs_cluster.ECSCluster",
            "aws_ecs_task_definition.ECSTaskDefinition",
            "aws_iam_access_key.IAMAccessKey",
            "aws_iam_role.IAMRole",
            "aws_iam_user.IAMUser",
            "aws_lb_target_group.ElasticLoadBalancingV2TargetGroup4",
            "aws_security_group.temp_sg",
            "aws_subnet.EC2Subnet",
            "aws_subnet.EC2Subnet2",
            "aws_vpc.EC2VPC",
            "data.aws_caller_identity.current"
          ]
        }
      ]
    },
    {
      "mode": "managed",
      "type": "aws_ecs_task_definition",
      "name": "ECSTaskDefinition",
      "provider": "provider[\"registry.terraform.io/hashicorp/aws\"]",
      "instances": [
        {
          "schema_version": 1,
          "attributes": {
            "arn": "arn:aws:ecs:us-east-1:656862533084:task-definition/task-def-cms-api:22",
            "container_definitions": "[{\"cpu\":0,\"environment\":[{\"name\":\"AWS_ACCESS_KEY\",\"value\":\"AKIAZR4AO2XOIRJN5EQA\"},{\"name\":\"AWS_REGION\",\"value\":\"us-east-1\"},{\"name\":\"AWS_SECRET_KEY\",\"value\":\"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\"},{\"name\":\"JWT_JWKS_URI\",\"value\":\"https://cognito-idp.us-east-1.amazonaws.com/us-east-1_efk6Wdlrt/.well-known/jwks.json\"}],\"essential\":true,\"image\":\"656862533084.dkr.ecr.us-east-1.amazonaws.com/cms-acme:v1\",\"logConfiguration\":{\"logDriver\":\"awslogs\",\"options\":{\"awslogs-group\":\"/ecs/task-def-cms-api\",\"awslogs-region\":\"us-east-1\",\"awslogs-stream-prefix\":\"ecs\"}},\"mountPoints\":[],\"name\":\"container-cms-api\",\"portMappings\":[{\"containerPort\":8081,\"hostPort\":8081,\"protocol\":\"tcp\"}],\"volumesFrom\":[]}]",
            "cpu": "512",
            "ephemeral_storage": [],
            "execution_role_arn": "arn:aws:iam::656862533084:role/ecsTaskExecutionRole",
            "family": "task-def-cms-api",
            "id": "task-def-cms-api",
            "inference_accelerator": [],
            "ipc_mode": "",
            "memory": "1024",
            "network_mode": "awsvpc",
            "pid_mode": "",
            "placement_constraints": [],
            "proxy_configuration": [],
            "requires_compatibilities": [
              "FARGATE"
            ],
            "revision": 22,
            "runtime_platform": [],
            "skip_destroy": false,
            "tags": {},
            "tags_all": {},
            "task_role_arn": "",
            "volume": []
          },
          "sensitive_attributes": [
            [
              {
                "type": "get_attr",
                "value": "container_definitions"
              }
            ]
          ],
          "private": "eyJzY2hlbWFfdmVyc2lvbiI6IjEifQ==",
          "dependencies": [
            "aws_cognito_user_pool.CognitoUserPool",
            "aws_iam_access_key.IAMAccessKey",
            "aws_iam_role.IAMRole",
            "aws_iam_user.IAMUser",
            "data.aws_caller_identity.current"
          ]
        }
      ]
    },
    {
      "mode": "managed",
      "type": "aws_iam_access_key",
      "name": "IAMAccessKey",
      "provider": "provider[\"registry.terraform.io/hashicorp/aws\"]",
      "instances": [
        {
          "schema_version": 0,
          "attributes": {
            "create_date": "2022-08-11T15:13:24Z",
            "encrypted_secret": null,
            "encrypted_ses_smtp_password_v4": null,
            "id": "AKIAZR4AO2XOIRJN5EQA",
            "key_fingerprint": null,
            "pgp_key": null,
            "secret": "6B7/+DQEAV9ss2HD59jB4rkYhTzFDb+dXE+L65t1",
            "ses_smtp_password_v4": "BE+lfJqv2yi3qACdHiPD7a/nKvbs02fJJBQG92CvTt5L",
            "status": "Active",
            "user": "api"
          },
          "sensitive_attributes": [],
          "private": "bnVsbA==",
          "dependencies": [
            "aws_iam_user.IAMUser"
          ]
        }
      ]
    },
    {
      "mode": "managed",
      "type": "aws_iam_role",
      "name": "IAMRole",
      "provider": "provider[\"registry.terraform.io/hashicorp/aws\"]",
      "instances": [
        {
          "schema_version": 0,
          "attributes": {
            "arn": "arn:aws:iam::656862533084:role/ecsTaskExecutionRole",
            "assume_role_policy": "{\"Statement\":[{\"Action\":\"sts:AssumeRole\",\"Effect\":\"Allow\",\"Principal\":{\"Service\":\"ecs-tasks.amazonaws.com\"},\"Sid\":\"\"}],\"Version\":\"2008-10-17\"}",
            "create_date": "2022-08-11T15:13:24Z",
            "description": "",
            "force_detach_policies": false,
            "id": "ecsTaskExecutionRole",
            "inline_policy": [],
            "managed_policy_arns": [
              "arn:aws:iam::aws:policy/AmazonEC2ContainerRegistryFullAccess",
              "arn:aws:iam::aws:policy/AmazonECS_FullAccess",
              "arn:aws:iam::aws:policy/CloudWatchLogsFullAccess"
            ],
            "max_session_duration": 3600,
            "name": "ecsTaskExecutionRole",
            "name_prefix": "",
            "path": "/",
            "permissions_boundary": null,
            "tags": {},
            "tags_all": {},
            "unique_id": "AROAZR4AO2XOEJ434U37A"
          },
          "sensitive_attributes": [],
          "private": "bnVsbA=="
        }
      ]
    },
    {
      "mode": "managed",
      "type": "aws_iam_role_policy_attachment",
      "name": "IAMRole_ecsTaskExecutionRole_AmazonEC2ContainerRegistryFullAccess",
      "provider": "provider[\"registry.terraform.io/hashicorp/aws\"]",
      "instances": [
        {
          "schema_version": 0,
          "attributes": {
            "id": "ecsTaskExecutionRole-20220811151324847500000003",
            "policy_arn": "arn:aws:iam::aws:policy/AmazonEC2ContainerRegistryFullAccess",
            "role": "ecsTaskExecutionRole"
          },
          "sensitive_attributes": [],
          "private": "bnVsbA==",
          "dependencies": [
            "aws_iam_role.IAMRole"
          ]
        }
      ]
    },
    {
      "mode": "managed",
      "type": "aws_iam_role_policy_attachment",
      "name": "IAMRole_ecsTaskExecutionRole_AmazonECS_FullAccess",
      "provider": "provider[\"registry.terraform.io/hashicorp/aws\"]",
      "instances": [
        {
          "schema_version": 0,
          "attributes": {
            "id": "ecsTaskExecutionRole-20220811151324847000000002",
            "policy_arn": "arn:aws:iam::aws:policy/AmazonECS_FullAccess",
            "role": "ecsTaskExecutionRole"
          },
          "sensitive_attributes": [],
          "private": "bnVsbA==",
          "dependencies": [
            "aws_iam_role.IAMRole"
          ]
        }
      ]
    },
    {
      "mode": "managed",
      "type": "aws_iam_role_policy_attachment",
      "name": "IAMRole_ecsTaskExecutionRole_CloudWatchLogsFullAccess",
      "provider": "provider[\"registry.terraform.io/hashicorp/aws\"]",
      "instances": [
        {
          "schema_version": 0,
          "attributes": {
            "id": "ecsTaskExecutionRole-20220811151324851200000004",
            "policy_arn": "arn:aws:iam::aws:policy/CloudWatchLogsFullAccess",
            "role": "ecsTaskExecutionRole"
          },
          "sensitive_attributes": [],
          "private": "bnVsbA==",
          "dependencies": [
            "aws_iam_role.IAMRole"
          ]
        }
      ]
    },
    {
      "mode": "managed",
      "type": "aws_iam_user",
      "name": "IAMUser",
      "provider": "provider[\"registry.terraform.io/hashicorp/aws\"]",
      "instances": [
        {
          "schema_version": 0,
          "attributes": {
            "arn": "arn:aws:iam::656862533084:user/api",
            "force_destroy": false,
            "id": "api",
            "name": "api",
            "path": "/",
            "permissions_boundary": null,
            "tags": {},
            "tags_all": {},
            "unique_id": "AIDAZR4AO2XONN6CTWD5M"
          },
          "sensitive_attributes": [],
          "private": "bnVsbA=="
        }
      ]
    },
    {
      "mode": "managed",
      "type": "aws_iam_user_policy_attachment",
      "name": "IAMUser_api_attach",
      "provider": "provider[\"registry.terraform.io/hashicorp/aws\"]",
      "instances": [
        {
          "schema_version": 0,
          "attributes": {
            "id": "api-20220811151324383000000001",
            "policy_arn": "arn:aws:iam::aws:policy/AmazonDynamoDBFullAccess",
            "user": "api"
          },
          "sensitive_attributes": [],
          "private": "bnVsbA==",
          "dependencies": [
            "aws_iam_user.IAMUser"
          ]
        }
      ]
    },
    {
      "mode": "managed",
      "type": "aws_internet_gateway",
      "name": "EC2InternetGateway",
      "provider": "provider[\"registry.terraform.io/hashicorp/aws\"]",
      "instances": [
        {
          "schema_version": 0,
          "attributes": {
            "arn": "arn:aws:ec2:us-east-1:656862533084:internet-gateway/igw-01cbb63da768ab3a9",
            "id": "igw-01cbb63da768ab3a9",
            "owner_id": "656862533084",
            "tags": {},
            "tags_all": {},
            "timeouts": null,
            "vpc_id": "vpc-0ea9873c14bcb31c8"
          },
          "sensitive_attributes": [],
          "private": "eyJlMmJmYjczMC1lY2FhLTExZTYtOGY4OC0zNDM2M2JjN2M0YzAiOnsiY3JlYXRlIjoxMjAwMDAwMDAwMDAwLCJkZWxldGUiOjEyMDAwMDAwMDAwMDAsInVwZGF0ZSI6MTIwMDAwMDAwMDAwMH19",
          "dependencies": [
            "aws_vpc.EC2VPC"
          ],
          "create_before_destroy": true
        }
      ]
    },
    {
      "mode": "managed",
      "type": "aws_lb",
      "name": "ElasticLoadBalancingV2LoadBalancer",
      "provider": "provider[\"registry.terraform.io/hashicorp/aws\"]",
      "instances": [
        {
          "schema_version": 0,
          "attributes": {
            "access_logs": [
              {
                "bucket": "",
                "enabled": false,
                "prefix": ""
              }
            ],
            "arn": "arn:aws:elasticloadbalancing:us-east-1:656862533084:loadbalancer/app/alb-cms-service/7018b8316f326b36",
            "arn_suffix": "app/alb-cms-service/7018b8316f326b36",
            "customer_owned_ipv4_pool": "",
            "desync_mitigation_mode": "defensive",
            "dns_name": "alb-cms-service-1153690859.us-east-1.elb.amazonaws.com",
            "drop_invalid_header_fields": false,
            "enable_cross_zone_load_balancing": null,
            "enable_deletion_protection": false,
            "enable_http2": true,
            "enable_waf_fail_open": false,
            "id": "arn:aws:elasticloadbalancing:us-east-1:656862533084:loadbalancer/app/alb-cms-service/7018b8316f326b36",
            "idle_timeout": 60,
            "internal": false,
            "ip_address_type": "ipv4",
            "load_balancer_type": "application",
            "name": "alb-cms-service",
            "name_prefix": null,
            "preserve_host_header": false,
            "security_groups": [
              "sg-0a1a19f7426c8d8e3"
            ],
            "subnet_mapping": [
              {
                "allocation_id": "",
                "ipv6_address": "",
                "outpost_id": "",
                "private_ipv4_address": "",
                "subnet_id": "subnet-04976fde8efd1cdd4"
              },
              {
                "allocation_id": "",
                "ipv6_address": "",
                "outpost_id": "",
                "private_ipv4_address": "",
                "subnet_id": "subnet-0d8eb5b980cbbf506"
              }
            ],
            "subnets": [
              "subnet-04976fde8efd1cdd4",
              "subnet-0d8eb5b980cbbf506"
            ],
            "tags": {},
            "tags_all": {},
            "timeouts": null,
            "vpc_id": "vpc-0ea9873c14bcb31c8",
            "zone_id": "Z35SXDOTRQ7X7K"
          },
          "sensitive_attributes": [],
          "private": "eyJlMmJmYjczMC1lY2FhLTExZTYtOGY4OC0zNDM2M2JjN2M0YzAiOnsiY3JlYXRlIjo2MDAwMDAwMDAwMDAsImRlbGV0ZSI6NjAwMDAwMDAwMDAwLCJ1cGRhdGUiOjYwMDAwMDAwMDAwMH19",
          "dependencies": [
            "aws_internet_gateway.EC2InternetGateway",
            "aws_security_group.temp_sg",
            "aws_subnet.EC2Subnet",
            "aws_subnet.EC2Subnet2",
            "aws_vpc.EC2VPC"
          ],
          "create_before_destroy": true
        }
      ]
    },
    {
      "mode": "managed",
      "type": "aws_lb_listener",
      "name": "ElasticLoadBalancingV2Listener",
      "provider": "provider[\"registry.terraform.io/hashicorp/aws\"]",
      "instances": [
        {
          "schema_version": 0,
          "attributes": {
            "alpn_policy": null,
            "arn": "arn:aws:elasticloadbalancing:us-east-1:656862533084:listener/app/alb-cms-service/7018b8316f326b36/d3626bafdd3452bb",
            "certificate_arn": null,
            "default_action": [
              {
                "authenticate_cognito": [],
                "authenticate_oidc": [],
                "fixed_response": [],
                "forward": [],
                "order": 1,
                "redirect": [],
                "target_group_arn": "arn:aws:elasticloadbalancing:us-east-1:656862533084:targetgroup/cms-amce-tg-port/9d94bab8cf62d290",
                "type": "forward"
              }
            ],
            "id": "arn:aws:elasticloadbalancing:us-east-1:656862533084:listener/app/alb-cms-service/7018b8316f326b36/d3626bafdd3452bb",
            "load_balancer_arn": "arn:aws:elasticloadbalancing:us-east-1:656862533084:loadbalancer/app/alb-cms-service/7018b8316f326b36",
            "port": 80,
            "protocol": "HTTP",
            "ssl_policy": "",
            "tags": {},
            "tags_all": {},
            "timeouts": null
          },
          "sensitive_attributes": [],
          "private": "eyJlMmJmYjczMC1lY2FhLTExZTYtOGY4OC0zNDM2M2JjN2M0YzAiOnsicmVhZCI6NjAwMDAwMDAwMDAwfX0=",
          "dependencies": [
            "aws_internet_gateway.EC2InternetGateway",
            "aws_lb.ElasticLoadBalancingV2LoadBalancer",
            "aws_lb_target_group.ElasticLoadBalancingV2TargetGroup4",
            "aws_security_group.temp_sg",
            "aws_subnet.EC2Subnet",
            "aws_subnet.EC2Subnet2",
            "aws_vpc.EC2VPC"
          ]
        }
      ]
    },
    {
      "mode": "managed",
      "type": "aws_lb_target_group",
      "name": "ElasticLoadBalancingV2TargetGroup",
      "provider": "provider[\"registry.terraform.io/hashicorp/aws\"]",
      "instances": [
        {
          "schema_version": 0,
          "attributes": {
            "arn": "arn:aws:elasticloadbalancing:us-east-1:656862533084:targetgroup/temp-cms-target-group/5b79873905361c42",
            "arn_suffix": "targetgroup/temp-cms-target-group/5b79873905361c42",
            "connection_termination": false,
            "deregistration_delay": "300",
            "health_check": [
              {
                "enabled": true,
                "healthy_threshold": 5,
                "interval": 30,
                "matcher": "200",
                "path": "/",
                "port": "traffic-port",
                "protocol": "HTTP",
                "timeout": 5,
                "unhealthy_threshold": 2
              }
            ],
            "id": "arn:aws:elasticloadbalancing:us-east-1:656862533084:targetgroup/temp-cms-target-group/5b79873905361c42",
            "lambda_multi_value_headers_enabled": false,
            "load_balancing_algorithm_type": "round_robin",
            "name": "temp-cms-target-group",
            "name_prefix": null,
            "port": 80,
            "preserve_client_ip": null,
            "protocol": "HTTP",
            "protocol_version": "HTTP1",
            "proxy_protocol_v2": false,
            "slow_start": 0,
            "stickiness": [
              {
                "cookie_duration": 86400,
                "cookie_name": "",
                "enabled": false,
                "type": "lb_cookie"
              }
            ],
            "tags": {},
            "tags_all": {},
            "target_type": "instance",
            "vpc_id": "vpc-0ea9873c14bcb31c8"
          },
          "sensitive_attributes": [],
          "private": "bnVsbA==",
          "dependencies": [
            "aws_vpc.EC2VPC"
          ]
        }
      ]
    },
    {
      "mode": "managed",
      "type": "aws_lb_target_group",
      "name": "ElasticLoadBalancingV2TargetGroup2",
      "provider": "provider[\"registry.terraform.io/hashicorp/aws\"]",
      "instances": [
        {
          "schema_version": 0,
          "attributes": {
            "arn": "arn:aws:elasticloadbalancing:us-east-1:656862533084:targetgroup/ecs-cms-ac-cmsacmeservice/bc926e3ce6352f04",
            "arn_suffix": "targetgroup/ecs-cms-ac-cmsacmeservice/bc926e3ce6352f04",
            "connection_termination": false,
            "deregistration_delay": "300",
            "health_check": [
              {
                "enabled": true,
                "healthy_threshold": 5,
                "interval": 30,
                "matcher": "200",
                "path": "/info/status",
                "port": "traffic-port",
                "protocol": "HTTP",
                "timeout": 5,
                "unhealthy_threshold": 2
              }
            ],
            "id": "arn:aws:elasticloadbalancing:us-east-1:656862533084:targetgroup/ecs-cms-ac-cmsacmeservice/bc926e3ce6352f04",
            "lambda_multi_value_headers_enabled": false,
            "load_balancing_algorithm_type": "round_robin",
            "name": "ecs-cms-ac-cmsacmeservice",
            "name_prefix": null,
            "port": 80,
            "preserve_client_ip": null,
            "protocol": "HTTP",
            "protocol_version": "HTTP1",
            "proxy_protocol_v2": false,
            "slow_start": 0,
            "stickiness": [
              {
                "cookie_duration": 86400,
                "cookie_name": "",
                "enabled": false,
                "type": "lb_cookie"
              }
            ],
            "tags": {},
            "tags_all": {},
            "target_type": "ip",
            "vpc_id": "vpc-0ea9873c14bcb31c8"
          },
          "sensitive_attributes": [],
          "private": "bnVsbA==",
          "dependencies": [
            "aws_vpc.EC2VPC"
          ]
        }
      ]
    },
    {
      "mode": "managed",
      "type": "aws_lb_target_group",
      "name": "ElasticLoadBalancingV2TargetGroup3",
      "provider": "provider[\"registry.terraform.io/hashicorp/aws\"]",
      "instances": [
        {
          "schema_version": 0,
          "attributes": {
            "arn": "arn:aws:elasticloadbalancing:us-east-1:656862533084:targetgroup/ecs-cms-ac-cms-acme-service/739d5d563a1658e9",
            "arn_suffix": "targetgroup/ecs-cms-ac-cms-acme-service/739d5d563a1658e9",
            "connection_termination": false,
            "deregistration_delay": "300",
            "health_check": [
              {
                "enabled": true,
                "healthy_threshold": 5,
                "interval": 30,
                "matcher": "200",
                "path": "/info/status",
                "port": "traffic-port",
                "protocol": "HTTP",
                "timeout": 5,
                "unhealthy_threshold": 2
              }
            ],
            "id": "arn:aws:elasticloadbalancing:us-east-1:656862533084:targetgroup/ecs-cms-ac-cms-acme-service/739d5d563a1658e9",
            "lambda_multi_value_headers_enabled": false,
            "load_balancing_algorithm_type": "round_robin",
            "name": "ecs-cms-ac-cms-acme-service",
            "name_prefix": null,
            "port": 80,
            "preserve_client_ip": null,
            "protocol": "HTTP",
            "protocol_version": "HTTP1",
            "proxy_protocol_v2": false,
            "slow_start": 0,
            "stickiness": [
              {
                "cookie_duration": 86400,
                "cookie_name": "",
                "enabled": false,
                "type": "lb_cookie"
              }
            ],
            "tags": {},
            "tags_all": {},
            "target_type": "ip",
            "vpc_id": "vpc-0ea9873c14bcb31c8"
          },
          "sensitive_attributes": [],
          "private": "bnVsbA==",
          "dependencies": [
            "aws_vpc.EC2VPC"
          ]
        }
      ]
    },
    {
      "mode": "managed",
      "type": "aws_lb_target_group",
      "name": "ElasticLoadBalancingV2TargetGroup4",
      "provider": "provider[\"registry.terraform.io/hashicorp/aws\"]",
      "instances": [
        {
          "schema_version": 0,
          "attributes": {
            "arn": "arn:aws:elasticloadbalancing:us-east-1:656862533084:targetgroup/cms-amce-tg-port/9d94bab8cf62d290",
            "arn_suffix": "targetgroup/cms-amce-tg-port/9d94bab8cf62d290",
            "connection_termination": false,
            "deregistration_delay": "300",
            "health_check": [
              {
                "enabled": true,
                "healthy_threshold": 5,
                "interval": 30,
                "matcher": "200",
                "path": "/info/status",
                "port": "traffic-port",
                "protocol": "HTTP",
                "timeout": 5,
                "unhealthy_threshold": 2
              }
            ],
            "id": "arn:aws:elasticloadbalancing:us-east-1:656862533084:targetgroup/cms-amce-tg-port/9d94bab8cf62d290",
            "lambda_multi_value_headers_enabled": false,
            "load_balancing_algorithm_type": "round_robin",
            "name": "cms-amce-tg-port",
            "name_prefix": null,
            "port": 80,
            "preserve_client_ip": null,
            "protocol": "HTTP",
            "protocol_version": "HTTP1",
            "proxy_protocol_v2": false,
            "slow_start": 0,
            "stickiness": [
              {
                "cookie_duration": 86400,
                "cookie_name": "",
                "enabled": false,
                "type": "lb_cookie"
              }
            ],
            "tags": {},
            "tags_all": {},
            "target_type": "ip",
            "vpc_id": "vpc-0ea9873c14bcb31c8"
          },
          "sensitive_attributes": [],
          "private": "bnVsbA==",
          "dependencies": [
            "aws_vpc.EC2VPC"
          ]
        }
      ]
    },
    {
      "mode": "managed",
      "type": "aws_security_group",
      "name": "temp_sg",
      "provider": "provider[\"registry.terraform.io/hashicorp/aws\"]",
      "instances": [
        {
          "schema_version": 1,
          "attributes": {
            "arn": "arn:aws:ec2:us-east-1:656862533084:security-group/sg-0a1a19f7426c8d8e3",
            "description": "temp_sg",
            "egress": [
              {
                "cidr_blocks": [
                  "0.0.0.0/0"
                ],
                "description": "",
                "from_port": 0,
                "ipv6_cidr_blocks": [
                  "::/0"
                ],
                "prefix_list_ids": [],
                "protocol": "-1",
                "security_groups": [],
                "self": false,
                "to_port": 0
              }
            ],
            "id": "sg-0a1a19f7426c8d8e3",
            "ingress": [
              {
                "cidr_blocks": [
                  "0.0.0.0/0"
                ],
                "description": "temp_sg",
                "from_port": 0,
                "ipv6_cidr_blocks": [
                  "::/0"
                ],
                "prefix_list_ids": [],
                "protocol": "-1",
                "security_groups": [],
                "self": false,
                "to_port": 0
              }
            ],
            "name": "temp_sg",
            "name_prefix": "",
            "owner_id": "656862533084",
            "revoke_rules_on_delete": false,
            "tags": {
              "Name": "allow_tls"
            },
            "tags_all": {
              "Name": "allow_tls"
            },
            "timeouts": null,
            "vpc_id": "vpc-0ea9873c14bcb31c8"
          },
          "sensitive_attributes": [],
          "private": "eyJlMmJmYjczMC1lY2FhLTExZTYtOGY4OC0zNDM2M2JjN2M0YzAiOnsiY3JlYXRlIjo2MDAwMDAwMDAwMDAsImRlbGV0ZSI6OTAwMDAwMDAwMDAwfSwic2NoZW1hX3ZlcnNpb24iOiIxIn0=",
          "dependencies": [
            "aws_vpc.EC2VPC"
          ],
          "create_before_destroy": true
        }
      ]
    },
    {
      "mode": "managed",
      "type": "aws_subnet",
      "name": "EC2Subnet",
      "provider": "provider[\"registry.terraform.io/hashicorp/aws\"]",
      "instances": [
        {
          "schema_version": 1,
          "attributes": {
            "arn": "arn:aws:ec2:us-east-1:656862533084:subnet/subnet-0d8eb5b980cbbf506",
            "assign_ipv6_address_on_creation": false,
            "availability_zone": "us-east-1a",
            "availability_zone_id": "use1-az6",
            "cidr_block": "10.0.0.0/24",
            "customer_owned_ipv4_pool": "",
            "enable_dns64": false,
            "enable_resource_name_dns_a_record_on_launch": false,
            "enable_resource_name_dns_aaaa_record_on_launch": false,
            "id": "subnet-0d8eb5b980cbbf506",
            "ipv6_cidr_block": "",
            "ipv6_cidr_block_association_id": "",
            "ipv6_native": false,
            "map_customer_owned_ip_on_launch": false,
            "map_public_ip_on_launch": false,
            "outpost_arn": "",
            "owner_id": "656862533084",
            "private_dns_hostname_type_on_launch": "ip-name",
            "tags": {},
            "tags_all": {},
            "timeouts": null,
            "vpc_id": "vpc-0ea9873c14bcb31c8"
          },
          "sensitive_attributes": [],
          "private": "eyJlMmJmYjczMC1lY2FhLTExZTYtOGY4OC0zNDM2M2JjN2M0YzAiOnsiY3JlYXRlIjo2MDAwMDAwMDAwMDAsImRlbGV0ZSI6MTIwMDAwMDAwMDAwMH0sInNjaGVtYV92ZXJzaW9uIjoiMSJ9",
          "dependencies": [
            "aws_vpc.EC2VPC"
          ],
          "create_before_destroy": true
        }
      ]
    },
    {
      "mode": "managed",
      "type": "aws_subnet",
      "name": "EC2Subnet2",
      "provider": "provider[\"registry.terraform.io/hashicorp/aws\"]",
      "instances": [
        {
          "schema_version": 1,
          "attributes": {
            "arn": "arn:aws:ec2:us-east-1:656862533084:subnet/subnet-04976fde8efd1cdd4",
            "assign_ipv6_address_on_creation": false,
            "availability_zone": "us-east-1b",
            "availability_zone_id": "use1-az1",
            "cidr_block": "10.0.1.0/24",
            "customer_owned_ipv4_pool": "",
            "enable_dns64": false,
            "enable_resource_name_dns_a_record_on_launch": false,
            "enable_resource_name_dns_aaaa_record_on_launch": false,
            "id": "subnet-04976fde8efd1cdd4",
            "ipv6_cidr_block": "",
            "ipv6_cidr_block_association_id": "",
            "ipv6_native": false,
            "map_customer_owned_ip_on_launch": false,
            "map_public_ip_on_launch": false,
            "outpost_arn": "",
            "owner_id": "656862533084",
            "private_dns_hostname_type_on_launch": "ip-name",
            "tags": {},
            "tags_all": {},
            "timeouts": null,
            "vpc_id": "vpc-0ea9873c14bcb31c8"
          },
          "sensitive_attributes": [],
          "private": "eyJlMmJmYjczMC1lY2FhLTExZTYtOGY4OC0zNDM2M2JjN2M0YzAiOnsiY3JlYXRlIjo2MDAwMDAwMDAwMDAsImRlbGV0ZSI6MTIwMDAwMDAwMDAwMH0sInNjaGVtYV92ZXJzaW9uIjoiMSJ9",
          "dependencies": [
            "aws_vpc.EC2VPC"
          ],
          "create_before_destroy": true
        }
      ]
    },
    {
      "mode": "managed",
      "type": "aws_vpc",
      "name": "EC2VPC",
      "provider": "provider[\"registry.terraform.io/hashicorp/aws\"]",
      "instances": [
        {
          "schema_version": 1,
          "attributes": {
            "arn": "arn:aws:ec2:us-east-1:656862533084:vpc/vpc-0ea9873c14bcb31c8",
            "assign_generated_ipv6_cidr_block": false,
            "cidr_block": "10.0.0.0/16",
            "default_network_acl_id": "acl-079464d84bcf8f679",
            "default_route_table_id": "rtb-0a779942fa5f3c9c7",
            "default_security_group_id": "sg-0b687a62b2f518647",
            "dhcp_options_id": "dopt-0883a5791a776c23f",
            "enable_classiclink": false,
            "enable_classiclink_dns_support": false,
            "enable_dns_hostnames": true,
            "enable_dns_support": true,
            "id": "vpc-0ea9873c14bcb31c8",
            "instance_tenancy": "default",
            "ipv4_ipam_pool_id": null,
            "ipv4_netmask_length": null,
            "ipv6_association_id": "",
            "ipv6_cidr_block": "",
            "ipv6_cidr_block_network_border_group": "",
            "ipv6_ipam_pool_id": "",
            "ipv6_netmask_length": 0,
            "main_route_table_id": "rtb-0a779942fa5f3c9c7",
            "owner_id": "656862533084",
            "tags": {},
            "tags_all": {}
          },
          "sensitive_attributes": [],
          "private": "eyJzY2hlbWFfdmVyc2lvbiI6IjEifQ==",
          "create_before_destroy": true
        }
      ]
    },
    {
      "mode": "managed",
      "type": "random_id",
      "name": "id",
      "provider": "provider[\"registry.terraform.io/hashicorp/random\"]",
      "instances": [
        {
          "schema_version": 0,
          "attributes": {
            "b64_std": "y3Tr6UJlgdc=",
            "b64_url": "y3Tr6UJlgdc",
            "byte_length": 8,
            "dec": "14660602074071663063",
            "hex": "cb74ebe9426581d7",
            "id": "y3Tr6UJlgdc",
            "keepers": null,
            "prefix": null
          },
          "sensitive_attributes": [],
          "private": "bnVsbA=="
        }
      ]
    },
    {
      "mode": "managed",
      "type": "random_password",
      "name": "password",
      "provider": "provider[\"registry.terraform.io/hashicorp/random\"]",
      "instances": [
        {
          "schema_version": 2,
          "attributes": {
            "bcrypt_hash": "$2a$10$zA3j1czip9gzQjbg0g8EU.ii6NrXDF4qsI7l.L6xcI5RcAr6WGBKG",
            "id": "none",
            "keepers": null,
            "length": 16,
            "lower": true,
            "min_lower": 0,
            "min_numeric": 0,
            "min_special": 0,
            "min_upper": 0,
            "number": true,
            "numeric": true,
            "override_special": "!#$%\u0026*()-_=+[]{}\u003c\u003e:?",
            "result": "zIww5\u003c*QZo]p2x-L",
            "special": true,
            "upper": true
          },
          "sensitive_attributes": [],
          "private": "eyJzY2hlbWFfdmVyc2lvbiI6IjIifQ=="
        }
      ]
    }
  ]
}
